
Microsoft Visual Studio Solution File, Format Version 12.00
# Visual Studio Version 16
VisualStudioVersion = 16.0.32802.440
MinimumVisualStudioVersion = 10.0.40219.1
Project("{9A19103F-16F7-4668-BE54-9A1E7A4F7556}") = "ASP.NET_CORE_PROJECT", "ASP.NET_CORE_PROJECT\ASP.NET_CORE_PROJECT.csproj", "{32F90889-A495-43B0-9216-F2EE9B5B96BF}"
EndProject
Project("{9A19103F-16F7-4668-BE54-9A1E7A4F7556}") = "EntityLayer", "EntityLayer\EntityLayer.csproj", "{BC4F740A-2F4C-4C8F-B317-C3066FB788A7}"
EndProject
Project("{9A19103F-16F7-4668-BE54-9A1E7A4F7556}") = "DataAccessLayer", "DataAccessLayer\DataAccessLayer.csproj", "{79597816-46F0-4C5C-8522-02703DA473C7}"
EndProject
Project("{9A19103F-16F7-4668-BE54-9A1E7A4F7556}") = "BusinessLayer", "BusinessLayer\BusinessLayer.csproj", "{60CD1255-161F-499E-96DF-2D5B6FD822C0}"
EndProject
Project("{9A19103F-16F7-4668-BE54-9A1E7A4F7556}") = "CoreLayer", "CoreLayer\CoreLayer.csproj", "{D793BE1C-9CF6-4539-B455-3260BF4F4E43}"
EndProject
Project("{2150E333-8FDC-42A3-9474-1A3956D46DE8}") = "HomeWork", "HomeWork", "{1E0A80CE-30AC-4B6F-ABBB-35E70A49D3D2}"
	ProjectSection(SolutionItems) = preProject
		HTMLPage1.html = HTMLPage1.html
	EndProjectSection
EndProject
Project("{FAE04EC0-301F-11D3-BF4B-00C04F79EFBC}") = "BlogApiDemo", "BlogApiDemo\BlogApiDemo.csproj", "{6F1A8787-F2B6-43EE-B9F3-0F6D7811F3D8}"
EndProject
Global
	GlobalSection(SolutionConfigurationPlatforms) = preSolution
		Debug|Any CPU = Debug|Any CPU
		Release|Any CPU = Release|Any CPU
	EndGlobalSection
	GlobalSection(ProjectConfigurationPlatforms) = postSolution
		{32F90889-A495-43B0-9216-F2EE9B5B96BF}.Debug|Any CPU.ActiveCfg = Debug|Any CPU
		{32F90889-A495-43B0-9216-F2EE9B5B96BF}.Debug|Any CPU.Build.0 = Debug|Any CPU
		{32F90889-A495-43B0-9216-F2EE9B5B96BF}.Release|Any CPU.ActiveCfg = Release|Any CPU
		{32F90889-A495-43B0-9216-F2EE9B5B96BF}.Release|Any CPU.Build.0 = Release|Any CPU
		{BC4F740A-2F4C-4C8F-B317-C3066FB788A7}.Debug|Any CPU.ActiveCfg = Debug|Any CPU
		{BC4F740A-2F4C-4C8F-B317-C3066FB788A7}.Debug|Any CPU.Build.0 = Debug|Any CPU
		{BC4F740A-2F4C-4C8F-B317-C3066FB788A7}.Release|Any CPU.ActiveCfg = Release|Any CPU
		{BC4F740A-2F4C-4C8F-B317-C3066FB788A7}.Release|Any CPU.Build.0 = Release|Any CPU
		{79597816-46F0-4C5C-8522-02703DA473C7}.Debug|Any CPU.ActiveCfg = Debug|Any CPU
		{79597816-46F0-4C5C-8522-02703DA473C7}.Debug|Any CPU.Build.0 = Debug|Any CPU
		{79597816-46F0-4C5C-8522-02703DA473C7}.Release|Any CPU.ActiveCfg = Release|Any CPU
		{79597816-46F0-4C5C-8522-02703DA473C7}.Release|Any CPU.Build.0 = Release|Any CPU
		{60CD1255-161F-499E-96DF-2D5B6FD822C0}.Debug|Any CPU.ActiveCfg = Debug|Any CPU
		{60CD1255-161F-499E-96DF-2D5B6FD822C0}.Debug|Any CPU.Build.0 = Debug|Any CPU
		{60CD1255-161F-499E-96DF-2D5B6FD822C0}.Release|Any CPU.ActiveCfg = Release|Any CPU
		{60CD1255-161F-499E-96DF-2D5B6FD822C0}.Release|Any CPU.Build.0 = Release|Any CPU
		{D793BE1C-9CF6-4539-B455-3260BF4F4E43}.Debug|Any CPU.ActiveCfg = Debug|Any CPU
		{D793BE1C-9CF6-4539-B455-3260BF4F4E43}.Debug|Any CPU.Build.0 = Debug|Any CPU
		{D793BE1C-9CF6-4539-B455-3260BF4F4E43}.Release|Any CPU.ActiveCfg = Release|Any CPU
		{D793BE1C-9CF6-4539-B455-3260BF4F4E43}.Release|Any CPU.Build.0 = Release|Any CPU
		{6F1A8787-F2B6-43EE-B9F3-0F6D7811F3D8}.Debug|Any CPU.ActiveCfg = Debug|Any CPU
		{6F1A8787-F2B6-43EE-B9F3-0F6D7811F3D8}.Debug|Any CPU.Build.0 = Debug|Any CPU
		{6F1A8787-F2B6-43EE-B9F3-0F6D7811F3D8}.Release|Any CPU.ActiveCfg = Release|Any CPU
		{6F1A8787-F2B6-43EE-B9F3-0F6D7811F3D8}.Release|Any CPU.Build.0 = Release|Any CPU
	EndGlobalSection
	GlobalSection(SolutionProperties) = preSolution
		HideSolutionNode = FALSE
	EndGlobalSection
	GlobalSection(ExtensibilityGlobals) = postSolution
		SolutionGuid = {037F0628-8AD3-4308-A176-6E6AB5F1F1D3}
	EndGlobalSection
EndGlobal
