
Microsoft Visual Studio Solution File, Format Version 12.00
# Visual Studio Version 16
VisualStudioVersion = 16.0.32802.440
MinimumVisualStudioVersion = 10.0.40219.1
Project("{FAE04EC0-301F-11D3-BF4B-00C04F79EFBC}") = "ASP.NET_CORE_PROJECT", "ASP.NET_CORE_PROJECT\ASP.NET_CORE_PROJECT.csproj", "{32F90889-A495-43B0-9216-F2EE9B5B96BF}"
EndProject
Project("{FAE04EC0-301F-11D3-BF4B-00C04F79EFBC}") = "EntityLayer", "EntityLayer\EntityLayer.csproj", "{BC4F740A-2F4C-4C8F-B317-C3066FB788A7}"
EndProject
Project("{FAE04EC0-301F-11D3-BF4B-00C04F79EFBC}") = "DataAccessLayer", "DataAccessLayer\DataAccessLayer.csproj", "{79597816-46F0-4C5C-8522-02703DA473C7}"
EndProject
Project("{FAE04EC0-301F-11D3-BF4B-00C04F79EFBC}") = "BusinessLayer", "BusinessLayer\BusinessLayer.csproj", "{60CD1255-161F-499E-96DF-2D5B6FD822C0}"
EndProject
Project("{FAE04EC0-301F-11D3-BF4B-00C04F79EFBC}") = "CoreLayer", "CoreLayer\CoreLayer.csproj", "{D793BE1C-9CF6-4539-B455-3260BF4F4E43}"
EndProject
Global
	GlobalSection(SolutionConfigurationPlatforms) = preSolution
		Debug|Any CPU = Debug|Any CPU
		Release|Any CPU = Release|Any CPU
	EndGlobalSection
	GlobalSection(ProjectConfigurationPlatforms) = postSolution
		{32F90889-A495-43B0-9216-F2EE9B5B96BF}.Debug|Any CPU.ActiveCfg = Debug|Any CPU
		{32F90889-A495-43B0-9216-F2EE9B5B96BF}.Debug|Any CPU.Build.0 = Debug|Any CPU
		{32F90889-A495-43B0-9216-F2EE9B5B96BF}.Release|Any CPU.ActiveCfg = Release|Any CPU
		{32F90889-A495-43B0-9216-F2EE9B5B96BF}.Release|Any CPU.Build.0 = Release|Any CPU
		{BC4F740A-2F4C-4C8F-B317-C3066FB788A7}.Debug|Any CPU.ActiveCfg = Debug|Any CPU
		{BC4F740A-2F4C-4C8F-B317-C3066FB788A7}.Debug|Any CPU.Build.0 = Debug|Any CPU
		{BC4F740A-2F4C-4C8F-B317-C3066FB788A7}.Release|Any CPU.ActiveCfg = Release|Any CPU
		{BC4F740A-2F4C-4C8F-B317-C3066FB788A7}.Release|Any CPU.Build.0 = Release|Any CPU
		{79597816-46F0-4C5C-8522-02703DA473C7}.Debug|Any CPU.ActiveCfg = Debug|Any CPU
		{79597816-46F0-4C5C-8522-02703DA473C7}.Debug|Any CPU.Build.0 = Debug|Any CPU
		{79597816-46F0-4C5C-8522-02703DA473C7}.Release|Any CPU.ActiveCfg = Release|Any CPU
		{79597816-46F0-4C5C-8522-02703DA473C7}.Release|Any CPU.Build.0 = Release|Any CPU
		{60CD1255-161F-499E-96DF-2D5B6FD822C0}.Debug|Any CPU.ActiveCfg = Debug|Any CPU
		{60CD1255-161F-499E-96DF-2D5B6FD822C0}.Debug|Any CPU.Build.0 = Debug|Any CPU
		{60CD1255-161F-499E-96DF-2D5B6FD822C0}.Release|Any CPU.ActiveCfg = Release|Any CPU
		{60CD1255-161F-499E-96DF-2D5B6FD822C0}.Release|Any CPU.Build.0 = Release|Any CPU
		{D793BE1C-9CF6-4539-B455-3260BF4F4E43}.Debug|Any CPU.ActiveCfg = Debug|Any CPU
		{D793BE1C-9CF6-4539-B455-3260BF4F4E43}.Debug|Any CPU.Build.0 = Debug|Any CPU
		{D793BE1C-9CF6-4539-B455-3260BF4F4E43}.Release|Any CPU.ActiveCfg = Release|Any CPU
		{D793BE1C-9CF6-4539-B455-3260BF4F4E43}.Release|Any CPU.Build.0 = Release|Any CPU
	EndGlobalSection
	GlobalSection(SolutionProperties) = preSolution
		HideSolutionNode = FALSE
	EndGlobalSection
	GlobalSection(ExtensibilityGlobals) = postSolution
		SolutionGuid = {037F0628-8AD3-4308-A176-6E6AB5F1F1D3}
	EndGlobalSection
EndGlobal
